{
  "name": "bacalhau",
  "lockfileVersion": 3,
  "requires": true,
  "packages": {
    "": {
      "dependencies": {
        "typescript": "github:wesbos/typescript",
        "wesbos": "^1.0.1"
      }
    },
    "node_modules/typescript": {
      "version": "5.1.0",
      "resolved": "git+ssh://git@github.com/wesbos/typescript.git#3236ac9336b389815226bc3d65f813fc34e46e18",
      "bin": {
        "tsc": "bin/tsc",
        "tsserver": "bin/tsserver"
      },
      "engines": {
        "node": ">=4.2.0"
      }
    },
    "node_modules/wesbos": {
      "version": "1.0.1",
      "resolved": "https://registry.npmjs.org/wesbos/-/wesbos-1.0.1.tgz",
      "integrity": "sha512-T2L+u0UsAODYfZjoBT7O22PsTnA1Tx2OgwfX4Ti3AE48663mdvEjixNHO9z5/Q/8yjx2/r9+n6KcRy2sgriWXA=="
    }
  }
}
