# This file is generated by running "yarn install" inside your project.
# Manual changes might be lost - proceed with caution!

__metadata:
  version: 8
  cacheKey: 10c0

"root-workspace-0b6124@workspace:.":
  version: 0.0.0-use.local
  resolution: "root-workspace-0b6124@workspace:."
  dependencies:
    typescript: "github:wesbos/typescript"
    wesbos: "npm:^1.0.1"
  languageName: unknown
  linkType: soft

"typescript@github:wesbos/typescript":
  version: 5.1.0
  resolution: "typescript@https://github.com/wesbos/typescript.git#commit=3236ac9336b389815226bc3d65f813fc34e46e18"
  bin:
    tsc: ./bin/tsc
    tsserver: ./bin/tsserver
  checksum: 10c0/7cd3602f29287c3fe7f2f1e31312a1ecb27ff3c3eeb8b89a207f0ad020711feaae6281d531ec9cad0e4325bf408bfc9fbb8228997555cdd8eb5887acc1e92ae2
  languageName: node
  linkType: hard

"typescript@patch:typescript@github%3Awesbos/typescript#optional!builtin<compat/typescript>":
  version: 5.1.0
  resolution: "typescript@patch:typescript@https%3A//github.com/wesbos/typescript.git%23commit=3236ac9336b389815226bc3d65f813fc34e46e18#optional!builtin<compat/typescript>::version=5.1.0&hash=77c9e2"
  bin:
    tsc: ./bin/tsc
    tsserver: ./bin/tsserver
  checksum: 10c0/16e3da29b3d396d7de5a1e60f955b1eb5247686bede997f4109059c572fb2bd6c03b2496e52810d1d397e705c28f56d5618e45eee295bdf8becaad42c7597a19
  languageName: node
  linkType: hard

"wesbos@npm:^1.0.1":
  version: 1.0.1
  resolution: "wesbos@npm:1.0.1"
  checksum: 10c0/295510bc3b90b1313b779323dde6acd748f29bd1ed8c568eb118d9990a3f998e959d06a69bf9ebc68356644f500b89d044a3e4f25f6bcce3c0ef14374d6ea2b5
  languageName: node
  linkType: hard
