# THIS IS AN AUTOGENERATED FILE. DO NOT EDIT THIS FILE DIRECTLY.
# yarn lockfile v1


env@^0.0.2:
  version "0.0.2"
  resolved "https://registry.yarnpkg.com/env/-/env-0.0.2.tgz#50c19f307b129a45845b6b686df5b39dd40d1cf0"
  integrity sha512-yP8LfjO4ughSHD/3HgLPinWzexmaOGvRfs2TFx0SZhOm7j1xPi9evjuGcLiNVHIGLmcsgMak4eDbBzlYqGIVxw==
