{
  "lockfile-version": 0,
  "manifest": {
    "hook": {
      "on-activate": "  # Autogenerated by Flox\n\n  export PYTHON_DIR=\"$FLOX_ENV_CACHE/python\"\n  if [ ! -d \"$PYTHON_DIR\" ]; then\n    echo \"Creating python virtual environment in $PYTHON_DIR\"\n    python -m venv \"$PYTHON_DIR\"\n    python -m pip install uv\n    uv pip install -r requirements.txt\n  fi\n\n  # Quietly activate venv and install packages in a subshell so\n  # that the venv can be freshly activated in the profile section.\n  (\n    source \"$PYTHON_DIR/bin/activate\"\n  )\n\n  # Point GOENV to Flox environment cache\n  unset GOROOT\n  export GOENV=\"$FLOX_ENV_CACHE/goenv\"\n\n  # Install Go dependencies\n  go get .\n\n  # End autogenerated by Flox\n\n"
    },
    "install": {
      "direnv": {
        "pkg-path": "direnv"
      },
      "go-junit-report": {
        "pkg-path": "go-junit-report"
      },
      "go_1_21": {
        "pkg-path": "go_1_21",
        "version": "=1.21.10"
      },
      "golangci-lint": {
        "pkg-path": "golangci-lint"
      },
      "gotools": {
        "pkg-path": "gotools"
      },
      "just": {
        "pkg-path": "just"
      },
      "nodejs": {
        "pkg-path": "nodejs"
      },
      "pnpm": {
        "pkg-path": "nodePackages.pnpm"
      },
      "python310": {
        "pkg-path": "python310"
      }
    },
    "options": {
      "systems": [
        "aarch64-darwin"
      ]
    },
    "profile": {
      "bash": "  # Autogenerated by Flox\n\n  echo \"Activating python virtual environment\" >&2\n  source \"$PYTHON_DIR/bin/activate\"\n\n  # End autogenerated by Flox\n",
      "zsh": "  # Autogenerated by Flox\n\n  echo \"Activating python virtual environment\" >&2\n  source \"$PYTHON_DIR/bin/activate\"\n\n  # End autogenerated by Flox\n"
    },
    "registry": {
      "defaults": {
        "subtrees": null
      },
      "inputs": {
        "nixpkgs": {
          "from": {
            "owner": "NixOS",
            "ref": "release-23.11",
            "repo": "nixpkgs",
            "type": "github"
          },
          "subtrees": [
            "legacyPackages"
          ]
        }
      },
      "priority": [
        "nixpkgs"
      ]
    },
    "vars": {}
  },
  "packages": {
    "aarch64-darwin": {
      "direnv": {
        "attr-path": [
          "legacyPackages",
          "aarch64-darwin",
          "direnv"
        ],
        "info": {
          "broken": false,
          "description": "A shell extension that manages your environment",
          "license": "MIT",
          "pname": "direnv",
          "unfree": false,
          "version": "2.32.3"
        },
        "input": {
          "attrs": {
            "lastModified": 1718308197,
            "narHash": "sha256-61KJ0bnNXxbQ0CbOOKFHbB9BWrqCzVhLGhYRZFfJXv0=",
            "owner": "NixOS",
            "repo": "nixpkgs",
            "rev": "0fc70ac44ab22b4a6bb434dadc5bb34e30bdb327",
            "type": "github"
          },
          "fingerprint": "944bb05628623ef9bba4355116342e9de930c1f3b45cf449444b196a0cb0739d",
          "url": "github:NixOS/nixpkgs/0fc70ac44ab22b4a6bb434dadc5bb34e30bdb327"
        },
        "priority": 5
      },
      "go-junit-report": {
        "attr-path": [
          "legacyPackages",
          "aarch64-darwin",
          "go-junit-report"
        ],
        "info": {
          "broken": false,
          "description": "Convert go test output to junit xml",
          "license": "MIT",
          "pname": "go-junit-report",
          "unfree": false,
          "version": "2.1.0"
        },
        "input": {
          "attrs": {
            "lastModified": 1718308197,
            "narHash": "sha256-61KJ0bnNXxbQ0CbOOKFHbB9BWrqCzVhLGhYRZFfJXv0=",
            "owner": "NixOS",
            "repo": "nixpkgs",
            "rev": "0fc70ac44ab22b4a6bb434dadc5bb34e30bdb327",
            "type": "github"
          },
          "fingerprint": "944bb05628623ef9bba4355116342e9de930c1f3b45cf449444b196a0cb0739d",
          "url": "github:NixOS/nixpkgs/0fc70ac44ab22b4a6bb434dadc5bb34e30bdb327"
        },
        "priority": 5
      },
      "go_1_21": {
        "attr-path": [
          "legacyPackages",
          "aarch64-darwin",
          "go_1_21"
        ],
        "info": {
          "broken": false,
          "description": "The Go Programming language",
          "license": "BSD-3-Clause",
          "pname": "go",
          "unfree": false,
          "version": "1.21.10"
        },
        "input": {
          "attrs": {
            "lastModified": 1718308197,
            "narHash": "sha256-61KJ0bnNXxbQ0CbOOKFHbB9BWrqCzVhLGhYRZFfJXv0=",
            "owner": "NixOS",
            "repo": "nixpkgs",
            "rev": "0fc70ac44ab22b4a6bb434dadc5bb34e30bdb327",
            "type": "github"
          },
          "fingerprint": "944bb05628623ef9bba4355116342e9de930c1f3b45cf449444b196a0cb0739d",
          "url": "github:NixOS/nixpkgs/0fc70ac44ab22b4a6bb434dadc5bb34e30bdb327"
        },
        "priority": 5
      },
      "golangci-lint": {
        "attr-path": [
          "legacyPackages",
          "aarch64-darwin",
          "golangci-lint"
        ],
        "info": {
          "broken": false,
          "description": "Fast linters Runner for Go",
          "license": "GPL-3.0-or-later",
          "pname": "golangci-lint",
          "unfree": false,
          "version": "1.55.2"
        },
        "input": {
          "attrs": {
            "lastModified": 1718308197,
            "narHash": "sha256-61KJ0bnNXxbQ0CbOOKFHbB9BWrqCzVhLGhYRZFfJXv0=",
            "owner": "NixOS",
            "repo": "nixpkgs",
            "rev": "0fc70ac44ab22b4a6bb434dadc5bb34e30bdb327",
            "type": "github"
          },
          "fingerprint": "944bb05628623ef9bba4355116342e9de930c1f3b45cf449444b196a0cb0739d",
          "url": "github:NixOS/nixpkgs/0fc70ac44ab22b4a6bb434dadc5bb34e30bdb327"
        },
        "priority": 5
      },
      "gotools": {
        "attr-path": [
          "legacyPackages",
          "aarch64-darwin",
          "gotools"
        ],
        "info": {
          "broken": false,
          "description": "Additional tools for Go development",
          "license": "BSD-3-Clause",
          "pname": "gotools",
          "unfree": false,
          "version": "0.7.0"
        },
        "input": {
          "attrs": {
            "lastModified": 1718308197,
            "narHash": "sha256-61KJ0bnNXxbQ0CbOOKFHbB9BWrqCzVhLGhYRZFfJXv0=",
            "owner": "NixOS",
            "repo": "nixpkgs",
            "rev": "0fc70ac44ab22b4a6bb434dadc5bb34e30bdb327",
            "type": "github"
          },
          "fingerprint": "944bb05628623ef9bba4355116342e9de930c1f3b45cf449444b196a0cb0739d",
          "url": "github:NixOS/nixpkgs/0fc70ac44ab22b4a6bb434dadc5bb34e30bdb327"
        },
        "priority": 5
      },
      "just": {
        "attr-path": [
          "legacyPackages",
          "aarch64-darwin",
          "just"
        ],
        "info": {
          "broken": false,
          "description": "A handy way to save and run project-specific commands",
          "license": "CC0-1.0",
          "pname": "just",
          "unfree": false,
          "version": "1.25.2"
        },
        "input": {
          "attrs": {
            "lastModified": 1718308197,
            "narHash": "sha256-61KJ0bnNXxbQ0CbOOKFHbB9BWrqCzVhLGhYRZFfJXv0=",
            "owner": "NixOS",
            "repo": "nixpkgs",
            "rev": "0fc70ac44ab22b4a6bb434dadc5bb34e30bdb327",
            "type": "github"
          },
          "fingerprint": "944bb05628623ef9bba4355116342e9de930c1f3b45cf449444b196a0cb0739d",
          "url": "github:NixOS/nixpkgs/0fc70ac44ab22b4a6bb434dadc5bb34e30bdb327"
        },
        "priority": 5
      },
      "nodejs": {
        "attr-path": [
          "legacyPackages",
          "aarch64-darwin",
          "nodejs"
        ],
        "info": {
          "broken": false,
          "description": "Event-driven I/O framework for the V8 JavaScript engine",
          "license": "MIT",
          "pname": "nodejs",
          "unfree": false,
          "version": "18.19.1"
        },
        "input": {
          "attrs": {
            "lastModified": 1718308197,
            "narHash": "sha256-61KJ0bnNXxbQ0CbOOKFHbB9BWrqCzVhLGhYRZFfJXv0=",
            "owner": "NixOS",
            "repo": "nixpkgs",
            "rev": "0fc70ac44ab22b4a6bb434dadc5bb34e30bdb327",
            "type": "github"
          },
          "fingerprint": "944bb05628623ef9bba4355116342e9de930c1f3b45cf449444b196a0cb0739d",
          "url": "github:NixOS/nixpkgs/0fc70ac44ab22b4a6bb434dadc5bb34e30bdb327"
        },
        "priority": 5
      },
      "pnpm": {
        "attr-path": [
          "legacyPackages",
          "aarch64-darwin",
          "nodePackages",
          "pnpm"
        ],
        "info": {
          "broken": false,
          "description": "Fast, disk space efficient package manager",
          "license": null,
          "pname": "pnpm",
          "unfree": false,
          "version": "8.10.2"
        },
        "input": {
          "attrs": {
            "lastModified": 1718308197,
            "narHash": "sha256-61KJ0bnNXxbQ0CbOOKFHbB9BWrqCzVhLGhYRZFfJXv0=",
            "owner": "NixOS",
            "repo": "nixpkgs",
            "rev": "0fc70ac44ab22b4a6bb434dadc5bb34e30bdb327",
            "type": "github"
          },
          "fingerprint": "944bb05628623ef9bba4355116342e9de930c1f3b45cf449444b196a0cb0739d",
          "url": "github:NixOS/nixpkgs/0fc70ac44ab22b4a6bb434dadc5bb34e30bdb327"
        },
        "priority": 5
      },
      "python310": {
        "attr-path": [
          "legacyPackages",
          "aarch64-darwin",
          "python310"
        ],
        "info": {
          "broken": false,
          "description": "A high-level dynamically-typed programming language",
          "license": "Python-2.0",
          "pname": "python3",
          "unfree": false,
          "version": "3.10.14"
        },
        "input": {
          "attrs": {
            "lastModified": 1718308197,
            "narHash": "sha256-61KJ0bnNXxbQ0CbOOKFHbB9BWrqCzVhLGhYRZFfJXv0=",
            "owner": "NixOS",
            "repo": "nixpkgs",
            "rev": "0fc70ac44ab22b4a6bb434dadc5bb34e30bdb327",
            "type": "github"
          },
          "fingerprint": "944bb05628623ef9bba4355116342e9de930c1f3b45cf449444b196a0cb0739d",
          "url": "github:NixOS/nixpkgs/0fc70ac44ab22b4a6bb434dadc5bb34e30bdb327"
        },
        "priority": 5
      }
    }
  },
  "registry": {
    "defaults": {
      "subtrees": null
    },
    "inputs": {
      "nixpkgs": {
        "from": {
          "lastModified": 1718308197,
          "narHash": "sha256-61KJ0bnNXxbQ0CbOOKFHbB9BWrqCzVhLGhYRZFfJXv0=",
          "owner": "NixOS",
          "repo": "nixpkgs",
          "rev": "0fc70ac44ab22b4a6bb434dadc5bb34e30bdb327",
          "type": "github"
        },
        "subtrees": [
          "legacyPackages"
        ]
      }
    },
    "priority": [
      "nixpkgs"
    ]
  }
}