{
  "lockfile-version": 1,
  "manifest": {
    "version": 1,
    "install": {
      "bash": {
        "pkg-path": "bash"
      },
      "buildkite-agent": {
        "pkg-path": "buildkite-agent"
      },
      "direnv": {
        "pkg-path": "direnv"
      },
      "gh": {
        "pkg-path": "gh"
      },
      "gnumake": {
        "pkg-path": "gnumake"
      },
      "go-junit-report": {
        "pkg-path": "go-junit-report"
      },
      "go_1_21": {
        "pkg-path": "go_1_21"
      },
      "golangci-lint": {
        "pkg-path": "golangci-lint"
      },
      "gotestsum": {
        "pkg-path": "gotestsum"
      },
      "gotools": {
        "pkg-path": "gotools"
      },
      "just": {
        "pkg-path": "just"
      },
      "pre-commit": {
        "pkg-path": "pre-commit"
      },
      "python310": {
        "pkg-path": "python310"
      }
    },
    "vars": {},
    "hook": {
      "on-activate": "  # Autogenerated by Flox\n\n  echo \"Beginning activation of Flox environment\" >&2\n\n  export PYTHON_DIR=\"$FLOX_ENV_CACHE/python3\"\n  if [ ! -d \"$PYTHON_DIR\" ]; then\n    echo \"Creating python virtual environment in $PYTHON_DIR\"\n    python3 -m venv \"$PYTHON_DIR\"\n  fi\n\n  source \"$PYTHON_DIR\"/bin/activate\n\n  python -m pip install --upgrade pip\n\n  pip install uv\n  uv pip install -r requirements.txt\n\n  # Install Go dependencies\n  unset GOROOT\n  go get .\n  go mod vendor\n  go mod tidy\n\n  # End autogenerated by Flox\n"
    },
    "profile": {
      "common": "\necho \"Activating python virtual environment\" >&2\nsource \"$PYTHON_DIR/bin/activate\"\n\necho \"Setting up Go environment\" >&2\nunset GOROOT\nexport GOENV=\"$FLOX_ENV_CACHE/goenv\"\nexport GOOS=\"$(uname | tr '[:upper:]' '[:lower:]')\"\nexport GOARCH=\"$(uname -m)\"\n\n# Need to unset for gcc to work properly\nunset LD_LIBRARY_PATH\n"
    },
    "options": {
      "systems": [
        "aarch64-darwin",
        "aarch64-linux",
        "x86_64-linux"
      ],
      "allow": {
        "licenses": []
      },
      "semver": {}
    }
  },
  "packages": [
    {
      "attr_path": "bash",
      "broken": false,
      "derivation": "/nix/store/d77wpgd20iqmvcxxy2b2wrbf1kb7qzpm-bash-5.2-p21.drv",
      "description": "GNU Bourne-Again Shell, the de facto standard shell on Linux",
      "install_id": "bash",
      "license": "GPL-3.0-or-later",
      "locked_url": "https://github.com/flox/nixpkgs?rev=5f64a12a728902226210bf01d25ec6cbb9d9265b",
      "name": "bash-5.2-p21",
      "pname": "bash",
      "rev": "5f64a12a728902226210bf01d25ec6cbb9d9265b",
      "rev_count": 562833,
      "rev_date": "2023-12-24T17:17:16Z",
      "scrape_date": "2024-04-25T18:20:51Z",
      "stabilities": [
        "stable",
        "staging",
        "unstable"
      ],
      "unfree": false,
      "version": "5.2-p21",
      "outputs_to_install": [
        "out",
        "man"
      ],
      "outputs": {
        "dev": "/nix/store/knjqp8a0765hp3q7xw5hh5p1gm50hahl-bash-5.2-p21-dev",
        "doc": "/nix/store/56b2j3iwr156kk1z1ap494yik9sm4cg9-bash-5.2-p21-doc",
        "info": "/nix/store/3wjz27jsy8zyrfcqa3mr2vs2n5jv3qld-bash-5.2-p21-info",
        "man": "/nix/store/0bb6f3dgi919ysclcpsy1zjz03x24l67-bash-5.2-p21-man",
        "out": "/nix/store/6nxav88iiz0g8m598xy643f8hhdz5kkx-bash-5.2-p21"
      },
      "system": "aarch64-darwin",
      "group": "toplevel",
      "priority": 5
    },
    {
      "attr_path": "bash",
      "broken": false,
      "derivation": "/nix/store/xx345cpqbd8a3vlrdyjlwl0ia1h297a7-bash-5.2-p21.drv",
      "description": "GNU Bourne-Again Shell, the de facto standard shell on Linux",
      "install_id": "bash",
      "license": "GPL-3.0-or-later",
      "locked_url": "https://github.com/flox/nixpkgs?rev=5f64a12a728902226210bf01d25ec6cbb9d9265b",
      "name": "bash-5.2-p21",
      "pname": "bash",
      "rev": "5f64a12a728902226210bf01d25ec6cbb9d9265b",
      "rev_count": 562833,
      "rev_date": "2023-12-24T17:17:16Z",
      "scrape_date": "2024-04-25T18:20:51Z",
      "stabilities": [
        "stable",
        "staging",
        "unstable"
      ],
      "unfree": false,
      "version": "5.2-p21",
      "outputs_to_install": [
        "out",
        "man"
      ],
      "outputs": {
        "debug": "/nix/store/xk028zqq1fwj3b5cqmxcxzf7vc50cxn8-bash-5.2-p21-debug",
        "dev": "/nix/store/39yw886i453yhka0sqqy4b54mw98zy16-bash-5.2-p21-dev",
        "doc": "/nix/store/mp2v4ci494bas8m8g93xds518zn2sxnh-bash-5.2-p21-doc",
        "info": "/nix/store/rdmb93kdw9jdrfm9disk4lc149m83cbz-bash-5.2-p21-info",
        "man": "/nix/store/p8vqmj4had2vfml8vja8ra2mq6b1d0s1-bash-5.2-p21-man",
        "out": "/nix/store/l34lhs5k16k8pydj2rjq70pqxz86kd3f-bash-5.2-p21"
      },
      "system": "aarch64-linux",
      "group": "toplevel",
      "priority": 5
    },
    {
      "attr_path": "bash",
      "broken": false,
      "derivation": "/nix/store/my1gb4dqykjkxnvkc40zssazfgd5rlzb-bash-5.2-p21.drv",
      "description": "GNU Bourne-Again Shell, the de facto standard shell on Linux",
      "install_id": "bash",
      "license": "GPL-3.0-or-later",
      "locked_url": "https://github.com/flox/nixpkgs?rev=5f64a12a728902226210bf01d25ec6cbb9d9265b",
      "name": "bash-5.2-p21",
      "pname": "bash",
      "rev": "5f64a12a728902226210bf01d25ec6cbb9d9265b",
      "rev_count": 562833,
      "rev_date": "2023-12-24T17:17:16Z",
      "scrape_date": "2024-04-25T18:20:51Z",
      "stabilities": [
        "stable",
        "staging",
        "unstable"
      ],
      "unfree": false,
      "version": "5.2-p21",
      "outputs_to_install": [
        "out",
        "man"
      ],
      "outputs": {
        "debug": "/nix/store/q2rv3cqzv5wspgknl1sz9xasdsy3zg0s-bash-5.2-p21-debug",
        "dev": "/nix/store/vs6bgdvwh3mama4r24rj2if3f5wjib5n-bash-5.2-p21-dev",
        "doc": "/nix/store/2fa60v2bpq9qraxgfaml6ycgn5cp7fx7-bash-5.2-p21-doc",
        "info": "/nix/store/wzi9ndphl97svc0bs237jpyh79xhh11q-bash-5.2-p21-info",
        "man": "/nix/store/87ibn2ynax4k6aqwp0ia2gw6c1c6vql7-bash-5.2-p21-man",
        "out": "/nix/store/q8qq40xg2grfh9ry1d9x4g7lq4ra7n81-bash-5.2-p21"
      },
      "system": "x86_64-linux",
      "group": "toplevel",
      "priority": 5
    },
    {
      "attr_path": "buildkite-agent",
      "broken": false,
      "derivation": "/nix/store/vgdmpzfr2p9pyilsiagxchfmxa54xvb7-buildkite-agent-3.59.0.drv",
      "description": "Build runner for buildkite.com",
      "install_id": "buildkite-agent",
      "license": "MIT",
      "locked_url": "https://github.com/flox/nixpkgs?rev=5f64a12a728902226210bf01d25ec6cbb9d9265b",
      "name": "buildkite-agent-3.59.0",
      "pname": "buildkite-agent",
      "rev": "5f64a12a728902226210bf01d25ec6cbb9d9265b",
      "rev_count": 562833,
      "rev_date": "2023-12-24T17:17:16Z",
      "scrape_date": "2024-04-25T18:20:51Z",
      "stabilities": [
        "stable",
        "staging",
        "unstable"
      ],
      "unfree": false,
      "version": "3.59.0",
      "outputs_to_install": [
        "out"
      ],
      "outputs": {
        "out": "/nix/store/6456glwq7cbnd0bpwcyaql5nfh9p2cra-buildkite-agent-3.59.0"
      },
      "system": "aarch64-darwin",
      "group": "toplevel",
      "priority": 5
    },
    {
      "attr_path": "buildkite-agent",
      "broken": false,
      "derivation": "/nix/store/agm7l4igpipi0ya1ywi13wczjfhp7hmp-buildkite-agent-3.59.0.drv",
      "description": "Build runner for buildkite.com",
      "install_id": "buildkite-agent",
      "license": "MIT",
      "locked_url": "https://github.com/flox/nixpkgs?rev=5f64a12a728902226210bf01d25ec6cbb9d9265b",
      "name": "buildkite-agent-3.59.0",
      "pname": "buildkite-agent",
      "rev": "5f64a12a728902226210bf01d25ec6cbb9d9265b",
      "rev_count": 562833,
      "rev_date": "2023-12-24T17:17:16Z",
      "scrape_date": "2024-04-25T18:20:51Z",
      "stabilities": [
        "stable",
        "staging",
        "unstable"
      ],
      "unfree": false,
      "version": "3.59.0",
      "outputs_to_install": [
        "out"
      ],
      "outputs": {
        "out": "/nix/store/mav13jlyj3ichkfqgbf9yv65bpa6j9qa-buildkite-agent-3.59.0"
      },
      "system": "aarch64-linux",
      "group": "toplevel",
      "priority": 5
    },
    {
      "attr_path": "buildkite-agent",
      "broken": false,
      "derivation": "/nix/store/kkp049wgwpyc9m8i9yqlwsyjr0k8s224-buildkite-agent-3.59.0.drv",
      "description": "Build runner for buildkite.com",
      "install_id": "buildkite-agent",
      "license": "MIT",
      "locked_url": "https://github.com/flox/nixpkgs?rev=5f64a12a728902226210bf01d25ec6cbb9d9265b",
      "name": "buildkite-agent-3.59.0",
      "pname": "buildkite-agent",
      "rev": "5f64a12a728902226210bf01d25ec6cbb9d9265b",
      "rev_count": 562833,
      "rev_date": "2023-12-24T17:17:16Z",
      "scrape_date": "2024-04-25T18:20:51Z",
      "stabilities": [
        "stable",
        "staging",
        "unstable"
      ],
      "unfree": false,
      "version": "3.59.0",
      "outputs_to_install": [
        "out"
      ],
      "outputs": {
        "out": "/nix/store/ysk1fpkykcrgq4i0v00xfn9kcf1hawsz-buildkite-agent-3.59.0"
      },
      "system": "x86_64-linux",
      "group": "toplevel",
      "priority": 5
    },
    {
      "attr_path": "direnv",
      "broken": false,
      "derivation": "/nix/store/y7ymlawrl6ym6wy0zksxh6ln1rs3ml5q-direnv-2.33.0.drv",
      "description": "A shell extension that manages your environment",
      "install_id": "direnv",
      "license": "MIT",
      "locked_url": "https://github.com/flox/nixpkgs?rev=5f64a12a728902226210bf01d25ec6cbb9d9265b",
      "name": "direnv-2.33.0",
      "pname": "direnv",
      "rev": "5f64a12a728902226210bf01d25ec6cbb9d9265b",
      "rev_count": 562833,
      "rev_date": "2023-12-24T17:17:16Z",
      "scrape_date": "2024-04-25T18:20:51Z",
      "stabilities": [
        "stable",
        "staging",
        "unstable"
      ],
      "unfree": false,
      "version": "2.33.0",
      "outputs_to_install": [
        "out"
      ],
      "outputs": {
        "out": "/nix/store/iw865954x7mx57ybc8zyghspisvmfzs7-direnv-2.33.0"
      },
      "system": "aarch64-darwin",
      "group": "toplevel",
      "priority": 5
    },
    {
      "attr_path": "direnv",
      "broken": false,
      "derivation": "/nix/store/113nwwdzmg7ldhri4m2yrzz71k04pknx-direnv-2.33.0.drv",
      "description": "A shell extension that manages your environment",
      "install_id": "direnv",
      "license": "MIT",
      "locked_url": "https://github.com/flox/nixpkgs?rev=5f64a12a728902226210bf01d25ec6cbb9d9265b",
      "name": "direnv-2.33.0",
      "pname": "direnv",
      "rev": "5f64a12a728902226210bf01d25ec6cbb9d9265b",
      "rev_count": 562833,
      "rev_date": "2023-12-24T17:17:16Z",
      "scrape_date": "2024-04-25T18:20:51Z",
      "stabilities": [
        "stable",
        "staging",
        "unstable"
      ],
      "unfree": false,
      "version": "2.33.0",
      "outputs_to_install": [
        "out"
      ],
      "outputs": {
        "out": "/nix/store/149mjbpdbxs8yjn30xvmhxm93qi8bdv6-direnv-2.33.0"
      },
      "system": "aarch64-linux",
      "group": "toplevel",
      "priority": 5
    },
    {
      "attr_path": "direnv",
      "broken": false,
      "derivation": "/nix/store/zkrzw6q9dmks4sd8sw9c02qhs2b1c2gv-direnv-2.33.0.drv",
      "description": "A shell extension that manages your environment",
      "install_id": "direnv",
      "license": "MIT",
      "locked_url": "https://github.com/flox/nixpkgs?rev=5f64a12a728902226210bf01d25ec6cbb9d9265b",
      "name": "direnv-2.33.0",
      "pname": "direnv",
      "rev": "5f64a12a728902226210bf01d25ec6cbb9d9265b",
      "rev_count": 562833,
      "rev_date": "2023-12-24T17:17:16Z",
      "scrape_date": "2024-04-25T18:20:51Z",
      "stabilities": [
        "stable",
        "staging",
        "unstable"
      ],
      "unfree": false,
      "version": "2.33.0",
      "outputs_to_install": [
        "out"
      ],
      "outputs": {
        "out": "/nix/store/0lf6mkfaqx4zmsni9yys650qx573zfcw-direnv-2.33.0"
      },
      "system": "x86_64-linux",
      "group": "toplevel",
      "priority": 5
    },
    {
      "attr_path": "gh",
      "broken": false,
      "derivation": "/nix/store/pzgf4m12yaimjd0j9qrg0pqyim00sx92-gh-2.40.1.drv",
      "description": "GitHub CLI tool",
      "install_id": "gh",
      "license": "MIT",
      "locked_url": "https://github.com/flox/nixpkgs?rev=5f64a12a728902226210bf01d25ec6cbb9d9265b",
      "name": "gh-2.40.1",
      "pname": "gh",
      "rev": "5f64a12a728902226210bf01d25ec6cbb9d9265b",
      "rev_count": 562833,
      "rev_date": "2023-12-24T17:17:16Z",
      "scrape_date": "2024-04-25T18:20:51Z",
      "stabilities": [
        "stable",
        "staging",
        "unstable"
      ],
      "unfree": false,
      "version": "2.40.1",
      "outputs_to_install": [
        "out"
      ],
      "outputs": {
        "out": "/nix/store/1267zpbprvzl8i57pcpwrcavy3nd1wr7-gh-2.40.1"
      },
      "system": "aarch64-darwin",
      "group": "toplevel",
      "priority": 5
    },
    {
      "attr_path": "gh",
      "broken": false,
      "derivation": "/nix/store/hxa193zg3w5qjgnmy4vbi5yq2j366ip8-gh-2.40.1.drv",
      "description": "GitHub CLI tool",
      "install_id": "gh",
      "license": "MIT",
      "locked_url": "https://github.com/flox/nixpkgs?rev=5f64a12a728902226210bf01d25ec6cbb9d9265b",
      "name": "gh-2.40.1",
      "pname": "gh",
      "rev": "5f64a12a728902226210bf01d25ec6cbb9d9265b",
      "rev_count": 562833,
      "rev_date": "2023-12-24T17:17:16Z",
      "scrape_date": "2024-04-25T18:20:51Z",
      "stabilities": [
        "stable",
        "staging",
        "unstable"
      ],
      "unfree": false,
      "version": "2.40.1",
      "outputs_to_install": [
        "out"
      ],
      "outputs": {
        "out": "/nix/store/567fpv062xzsg15xwa5pjc45477z0x2d-gh-2.40.1"
      },
      "system": "aarch64-linux",
      "group": "toplevel",
      "priority": 5
    },
    {
      "attr_path": "gh",
      "broken": false,
      "derivation": "/nix/store/avv86rmqgmcj0rm5phd9sc10vai5pjs4-gh-2.40.1.drv",
      "description": "GitHub CLI tool",
      "install_id": "gh",
      "license": "MIT",
      "locked_url": "https://github.com/flox/nixpkgs?rev=5f64a12a728902226210bf01d25ec6cbb9d9265b",
      "name": "gh-2.40.1",
      "pname": "gh",
      "rev": "5f64a12a728902226210bf01d25ec6cbb9d9265b",
      "rev_count": 562833,
      "rev_date": "2023-12-24T17:17:16Z",
      "scrape_date": "2024-04-25T18:20:51Z",
      "stabilities": [
        "stable",
        "staging",
        "unstable"
      ],
      "unfree": false,
      "version": "2.40.1",
      "outputs_to_install": [
        "out"
      ],
      "outputs": {
        "out": "/nix/store/rzbjspmdr6x238qnpb6qrl983sdz70hx-gh-2.40.1"
      },
      "system": "x86_64-linux",
      "group": "toplevel",
      "priority": 5
    },
    {
      "attr_path": "gnumake",
      "broken": false,
      "derivation": "/nix/store/p593xj2jy61dxfq4hl7a4jn0pwnyckdz-gnumake-4.4.1.drv",
      "description": "A tool to control the generation of non-source files from sources",
      "install_id": "gnumake",
      "license": "GPL-3.0-or-later",
      "locked_url": "https://github.com/flox/nixpkgs?rev=5f64a12a728902226210bf01d25ec6cbb9d9265b",
      "name": "gnumake-4.4.1",
      "pname": "gnumake",
      "rev": "5f64a12a728902226210bf01d25ec6cbb9d9265b",
      "rev_count": 562833,
      "rev_date": "2023-12-24T17:17:16Z",
      "scrape_date": "2024-04-25T18:20:51Z",
      "stabilities": [
        "stable",
        "staging",
        "unstable"
      ],
      "unfree": false,
      "version": "4.4.1",
      "outputs_to_install": [
        "out",
        "man"
      ],
      "outputs": {
        "info": "/nix/store/2cqdc69b6dznk4jmgwh3mx2qd8yph80b-gnumake-4.4.1-info",
        "man": "/nix/store/4nwbb9aiwylkckdh5d6hyn6cjaiiy7z1-gnumake-4.4.1-man",
        "out": "/nix/store/zc9qsb0rzlw0ckhy7097frcwb4pkfx3d-gnumake-4.4.1"
      },
      "system": "aarch64-darwin",
      "group": "toplevel",
      "priority": 5
    },
    {
      "attr_path": "gnumake",
      "broken": false,
      "derivation": "/nix/store/jrafx9y1q1p5rdrz8isnr636ig6d5wxr-gnumake-4.4.1.drv",
      "description": "A tool to control the generation of non-source files from sources",
      "install_id": "gnumake",
      "license": "GPL-3.0-or-later",
      "locked_url": "https://github.com/flox/nixpkgs?rev=5f64a12a728902226210bf01d25ec6cbb9d9265b",
      "name": "gnumake-4.4.1",
      "pname": "gnumake",
      "rev": "5f64a12a728902226210bf01d25ec6cbb9d9265b",
      "rev_count": 562833,
      "rev_date": "2023-12-24T17:17:16Z",
      "scrape_date": "2024-04-25T18:20:51Z",
      "stabilities": [
        "stable",
        "staging",
        "unstable"
      ],
      "unfree": false,
      "version": "4.4.1",
      "outputs_to_install": [
        "out",
        "man"
      ],
      "outputs": {
        "debug": "/nix/store/05lzq3fdjlyvmvhy2lrlzyspgskqaimf-gnumake-4.4.1-debug",
        "info": "/nix/store/3x6qcziazngqf3v2pnh55pgg28d4zmnz-gnumake-4.4.1-info",
        "man": "/nix/store/a19q5mrlvjpqqkjag1p789a540za0lg4-gnumake-4.4.1-man",
        "out": "/nix/store/hzcbyip77ix30na3yspgv6kcis4fm1pl-gnumake-4.4.1"
      },
      "system": "aarch64-linux",
      "group": "toplevel",
      "priority": 5
    },
    {
      "attr_path": "gnumake",
      "broken": false,
      "derivation": "/nix/store/77vsln7cf6a5b73k32bi69yvi144m99j-gnumake-4.4.1.drv",
      "description": "A tool to control the generation of non-source files from sources",
      "install_id": "gnumake",
      "license": "GPL-3.0-or-later",
      "locked_url": "https://github.com/flox/nixpkgs?rev=5f64a12a728902226210bf01d25ec6cbb9d9265b",
      "name": "gnumake-4.4.1",
      "pname": "gnumake",
      "rev": "5f64a12a728902226210bf01d25ec6cbb9d9265b",
      "rev_count": 562833,
      "rev_date": "2023-12-24T17:17:16Z",
      "scrape_date": "2024-04-25T18:20:51Z",
      "stabilities": [
        "stable",
        "staging",
        "unstable"
      ],
      "unfree": false,
      "version": "4.4.1",
      "outputs_to_install": [
        "out",
        "man"
      ],
      "outputs": {
        "debug": "/nix/store/h14r6mb8cf8dfqc5kd3m2yicjslap29n-gnumake-4.4.1-debug",
        "info": "/nix/store/wv14ll0zq57b6nj3bqghapp48jdikcrz-gnumake-4.4.1-info",
        "man": "/nix/store/q7pddhwr38k536wrmxm09w2fcw59hiy3-gnumake-4.4.1-man",
        "out": "/nix/store/5v3k090nl55rxz2gkn9y4wchna3vjjxw-gnumake-4.4.1"
      },
      "system": "x86_64-linux",
      "group": "toplevel",
      "priority": 5
    },
    {
      "attr_path": "go-junit-report",
      "broken": false,
      "derivation": "/nix/store/b11xlc1hf9ysy9f3pxzxb6ad5x5pgh1w-go-junit-report-2.1.0.drv",
      "description": "Convert go test output to junit xml",
      "install_id": "go-junit-report",
      "license": "MIT",
      "locked_url": "https://github.com/flox/nixpkgs?rev=5f64a12a728902226210bf01d25ec6cbb9d9265b",
      "name": "go-junit-report-2.1.0",
      "pname": "go-junit-report",
      "rev": "5f64a12a728902226210bf01d25ec6cbb9d9265b",
      "rev_count": 562833,
      "rev_date": "2023-12-24T17:17:16Z",
      "scrape_date": "2024-04-25T18:20:51Z",
      "stabilities": [
        "stable",
        "staging",
        "unstable"
      ],
      "unfree": false,
      "version": "2.1.0",
      "outputs_to_install": [
        "out"
      ],
      "outputs": {
        "out": "/nix/store/b8kzc6c41w4an5b1sjs3pry82ib9bhxd-go-junit-report-2.1.0"
      },
      "system": "aarch64-darwin",
      "group": "toplevel",
      "priority": 5
    },
    {
      "attr_path": "go-junit-report",
      "broken": false,
      "derivation": "/nix/store/yc5mzk469pj3h0p2028dq0wrg8j3sipq-go-junit-report-2.1.0.drv",
      "description": "Convert go test output to junit xml",
      "install_id": "go-junit-report",
      "license": "MIT",
      "locked_url": "https://github.com/flox/nixpkgs?rev=5f64a12a728902226210bf01d25ec6cbb9d9265b",
      "name": "go-junit-report-2.1.0",
      "pname": "go-junit-report",
      "rev": "5f64a12a728902226210bf01d25ec6cbb9d9265b",
      "rev_count": 562833,
      "rev_date": "2023-12-24T17:17:16Z",
      "scrape_date": "2024-04-25T18:20:51Z",
      "stabilities": [
        "stable",
        "staging",
        "unstable"
      ],
      "unfree": false,
      "version": "2.1.0",
      "outputs_to_install": [
        "out"
      ],
      "outputs": {
        "out": "/nix/store/xaj7ji8wlxg6hdrspdmqgm9k31niv7mv-go-junit-report-2.1.0"
      },
      "system": "aarch64-linux",
      "group": "toplevel",
      "priority": 5
    },
    {
      "attr_path": "go-junit-report",
      "broken": false,
      "derivation": "/nix/store/26qvyz838yd8s10v8jkk4zc1zs92hd20-go-junit-report-2.1.0.drv",
      "description": "Convert go test output to junit xml",
      "install_id": "go-junit-report",
      "license": "MIT",
      "locked_url": "https://github.com/flox/nixpkgs?rev=5f64a12a728902226210bf01d25ec6cbb9d9265b",
      "name": "go-junit-report-2.1.0",
      "pname": "go-junit-report",
      "rev": "5f64a12a728902226210bf01d25ec6cbb9d9265b",
      "rev_count": 562833,
      "rev_date": "2023-12-24T17:17:16Z",
      "scrape_date": "2024-04-25T18:20:51Z",
      "stabilities": [
        "stable",
        "staging",
        "unstable"
      ],
      "unfree": false,
      "version": "2.1.0",
      "outputs_to_install": [
        "out"
      ],
      "outputs": {
        "out": "/nix/store/hq994akcmi03kwar9p4pmhwvgplbq107-go-junit-report-2.1.0"
      },
      "system": "x86_64-linux",
      "group": "toplevel",
      "priority": 5
    },
    {
      "attr_path": "go_1_21",
      "broken": false,
      "derivation": "/nix/store/in7nslrpwi48fh78c3l9ria2a83dnhn6-go-1.21.5.drv",
      "description": "The Go Programming language",
      "install_id": "go_1_21",
      "license": "BSD-3-Clause",
      "locked_url": "https://github.com/flox/nixpkgs?rev=5f64a12a728902226210bf01d25ec6cbb9d9265b",
      "name": "go-1.21.5",
      "pname": "go_1_21",
      "rev": "5f64a12a728902226210bf01d25ec6cbb9d9265b",
      "rev_count": 562833,
      "rev_date": "2023-12-24T17:17:16Z",
      "scrape_date": "2024-04-25T18:20:51Z",
      "stabilities": [
        "stable",
        "staging",
        "unstable"
      ],
      "unfree": false,
      "version": "go-1.21.5",
      "outputs_to_install": [
        "out"
      ],
      "outputs": {
        "out": "/nix/store/b0rpa34hn6cgbkbn8sfr5dzv723ia3z2-go-1.21.5"
      },
      "system": "aarch64-darwin",
      "group": "toplevel",
      "priority": 5
    },
    {
      "attr_path": "go_1_21",
      "broken": false,
      "derivation": "/nix/store/qjfr45wd2xlxmvi5hrdq3q10am8b4mlx-go-1.21.5.drv",
      "description": "The Go Programming language",
      "install_id": "go_1_21",
      "license": "BSD-3-Clause",
      "locked_url": "https://github.com/flox/nixpkgs?rev=5f64a12a728902226210bf01d25ec6cbb9d9265b",
      "name": "go-1.21.5",
      "pname": "go_1_21",
      "rev": "5f64a12a728902226210bf01d25ec6cbb9d9265b",
      "rev_count": 562833,
      "rev_date": "2023-12-24T17:17:16Z",
      "scrape_date": "2024-04-25T18:20:51Z",
      "stabilities": [
        "stable",
        "staging",
        "unstable"
      ],
      "unfree": false,
      "version": "go-1.21.5",
      "outputs_to_install": [
        "out"
      ],
      "outputs": {
        "out": "/nix/store/5jamaixw6ni5c05qqml6ld3j386v871k-go-1.21.5"
      },
      "system": "aarch64-linux",
      "group": "toplevel",
      "priority": 5
    },
    {
      "attr_path": "go_1_21",
      "broken": false,
      "derivation": "/nix/store/sdvb155s394xzn201h5bx0b2wylcjgvx-go-1.21.5.drv",
      "description": "The Go Programming language",
      "install_id": "go_1_21",
      "license": "BSD-3-Clause",
      "locked_url": "https://github.com/flox/nixpkgs?rev=5f64a12a728902226210bf01d25ec6cbb9d9265b",
      "name": "go-1.21.5",
      "pname": "go_1_21",
      "rev": "5f64a12a728902226210bf01d25ec6cbb9d9265b",
      "rev_count": 562833,
      "rev_date": "2023-12-24T17:17:16Z",
      "scrape_date": "2024-04-25T18:20:51Z",
      "stabilities": [
        "stable",
        "staging",
        "unstable"
      ],
      "unfree": false,
      "version": "go-1.21.5",
      "outputs_to_install": [
        "out"
      ],
      "outputs": {
        "out": "/nix/store/6qd8p8gilzgplpk2ni3109m0k71r21s7-go-1.21.5"
      },
      "system": "x86_64-linux",
      "group": "toplevel",
      "priority": 5
    },
    {
      "attr_path": "golangci-lint",
      "broken": false,
      "derivation": "/nix/store/m12igsxh63xha09154j7y1dj8mjwm3ng-golangci-lint-1.55.2.drv",
      "description": "Fast linters Runner for Go",
      "install_id": "golangci-lint",
      "license": "GPL-3.0-or-later",
      "locked_url": "https://github.com/flox/nixpkgs?rev=5f64a12a728902226210bf01d25ec6cbb9d9265b",
      "name": "golangci-lint-1.55.2",
      "pname": "golangci-lint",
      "rev": "5f64a12a728902226210bf01d25ec6cbb9d9265b",
      "rev_count": 562833,
      "rev_date": "2023-12-24T17:17:16Z",
      "scrape_date": "2024-04-25T18:20:51Z",
      "stabilities": [
        "stable",
        "staging",
        "unstable"
      ],
      "unfree": false,
      "version": "1.55.2",
      "outputs_to_install": [
        "out"
      ],
      "outputs": {
        "out": "/nix/store/75bdci5lqs0qy8iy4awyadabf0llnifm-golangci-lint-1.55.2"
      },
      "system": "aarch64-darwin",
      "group": "toplevel",
      "priority": 5
    },
    {
      "attr_path": "golangci-lint",
      "broken": false,
      "derivation": "/nix/store/swk3vd3rn7619x5ryc2m0g9lmdfkkb0y-golangci-lint-1.55.2.drv",
      "description": "Fast linters Runner for Go",
      "install_id": "golangci-lint",
      "license": "GPL-3.0-or-later",
      "locked_url": "https://github.com/flox/nixpkgs?rev=5f64a12a728902226210bf01d25ec6cbb9d9265b",
      "name": "golangci-lint-1.55.2",
      "pname": "golangci-lint",
      "rev": "5f64a12a728902226210bf01d25ec6cbb9d9265b",
      "rev_count": 562833,
      "rev_date": "2023-12-24T17:17:16Z",
      "scrape_date": "2024-04-25T18:20:51Z",
      "stabilities": [
        "stable",
        "staging",
        "unstable"
      ],
      "unfree": false,
      "version": "1.55.2",
      "outputs_to_install": [
        "out"
      ],
      "outputs": {
        "out": "/nix/store/lgmzpwc5mlw5x1yhpqi4gr31dspqvrfw-golangci-lint-1.55.2"
      },
      "system": "aarch64-linux",
      "group": "toplevel",
      "priority": 5
    },
    {
      "attr_path": "golangci-lint",
      "broken": false,
      "derivation": "/nix/store/z1mxpjjn5piyrp2swqdcd2v38sbxmdjs-golangci-lint-1.55.2.drv",
      "description": "Fast linters Runner for Go",
      "install_id": "golangci-lint",
      "license": "GPL-3.0-or-later",
      "locked_url": "https://github.com/flox/nixpkgs?rev=5f64a12a728902226210bf01d25ec6cbb9d9265b",
      "name": "golangci-lint-1.55.2",
      "pname": "golangci-lint",
      "rev": "5f64a12a728902226210bf01d25ec6cbb9d9265b",
      "rev_count": 562833,
      "rev_date": "2023-12-24T17:17:16Z",
      "scrape_date": "2024-04-25T18:20:51Z",
      "stabilities": [
        "stable",
        "staging",
        "unstable"
      ],
      "unfree": false,
      "version": "1.55.2",
      "outputs_to_install": [
        "out"
      ],
      "outputs": {
        "out": "/nix/store/y7d5gb08mk1cml4md026p1b86vjzwrhj-golangci-lint-1.55.2"
      },
      "system": "x86_64-linux",
      "group": "toplevel",
      "priority": 5
    },
    {
      "attr_path": "gotestsum",
      "broken": false,
      "derivation": "/nix/store/h3yyziprhblai2ddbzy59i3kx1v1vjg0-gotestsum-1.10.1.drv",
      "description": "A human friendly `go test` runner",
      "install_id": "gotestsum",
      "license": "Apache-2.0",
      "locked_url": "https://github.com/flox/nixpkgs?rev=5f64a12a728902226210bf01d25ec6cbb9d9265b",
      "name": "gotestsum-1.10.1",
      "pname": "gotestsum",
      "rev": "5f64a12a728902226210bf01d25ec6cbb9d9265b",
      "rev_count": 562833,
      "rev_date": "2023-12-24T17:17:16Z",
      "scrape_date": "2024-04-25T18:20:51Z",
      "stabilities": [
        "stable",
        "staging",
        "unstable"
      ],
      "unfree": false,
      "version": "1.10.1",
      "outputs_to_install": [
        "out"
      ],
      "outputs": {
        "out": "/nix/store/av8bq276q2qqps3kkk3x1g24x8gw2wmi-gotestsum-1.10.1"
      },
      "system": "aarch64-darwin",
      "group": "toplevel",
      "priority": 5
    },
    {
      "attr_path": "gotestsum",
      "broken": false,
      "derivation": "/nix/store/yljix1caacpy3iw569n5r3vr9g3m0fqf-gotestsum-1.10.1.drv",
      "description": "A human friendly `go test` runner",
      "install_id": "gotestsum",
      "license": "Apache-2.0",
      "locked_url": "https://github.com/flox/nixpkgs?rev=5f64a12a728902226210bf01d25ec6cbb9d9265b",
      "name": "gotestsum-1.10.1",
      "pname": "gotestsum",
      "rev": "5f64a12a728902226210bf01d25ec6cbb9d9265b",
      "rev_count": 562833,
      "rev_date": "2023-12-24T17:17:16Z",
      "scrape_date": "2024-04-25T18:20:51Z",
      "stabilities": [
        "stable",
        "staging",
        "unstable"
      ],
      "unfree": false,
      "version": "1.10.1",
      "outputs_to_install": [
        "out"
      ],
      "outputs": {
        "out": "/nix/store/73fb0ld3qk4y7prfab2p81w3zcq4rbpn-gotestsum-1.10.1"
      },
      "system": "aarch64-linux",
      "group": "toplevel",
      "priority": 5
    },
    {
      "attr_path": "gotestsum",
      "broken": false,
      "derivation": "/nix/store/m0jkv3h6fqh29cbwyd6xgznkpiwc56id-gotestsum-1.10.1.drv",
      "description": "A human friendly `go test` runner",
      "install_id": "gotestsum",
      "license": "Apache-2.0",
      "locked_url": "https://github.com/flox/nixpkgs?rev=5f64a12a728902226210bf01d25ec6cbb9d9265b",
      "name": "gotestsum-1.10.1",
      "pname": "gotestsum",
      "rev": "5f64a12a728902226210bf01d25ec6cbb9d9265b",
      "rev_count": 562833,
      "rev_date": "2023-12-24T17:17:16Z",
      "scrape_date": "2024-04-25T18:20:51Z",
      "stabilities": [
        "stable",
        "staging",
        "unstable"
      ],
      "unfree": false,
      "version": "1.10.1",
      "outputs_to_install": [
        "out"
      ],
      "outputs": {
        "out": "/nix/store/8ffcj537lzh186j4spzi7gr6qgv32hmn-gotestsum-1.10.1"
      },
      "system": "x86_64-linux",
      "group": "toplevel",
      "priority": 5
    },
    {
      "attr_path": "gotools",
      "broken": false,
      "derivation": "/nix/store/0aq33cadmaqvibgmid06bf1d0rl1jj04-gotools-0.16.1.drv",
      "description": "Additional tools for Go development",
      "install_id": "gotools",
      "license": "BSD-3-Clause",
      "locked_url": "https://github.com/flox/nixpkgs?rev=5f64a12a728902226210bf01d25ec6cbb9d9265b",
      "name": "gotools-0.16.1",
      "pname": "gotools",
      "rev": "5f64a12a728902226210bf01d25ec6cbb9d9265b",
      "rev_count": 562833,
      "rev_date": "2023-12-24T17:17:16Z",
      "scrape_date": "2024-04-25T18:20:51Z",
      "stabilities": [
        "stable",
        "staging",
        "unstable"
      ],
      "unfree": false,
      "version": "0.16.1",
      "outputs_to_install": [
        "out"
      ],
      "outputs": {
        "out": "/nix/store/07rj89famgad95mf68cc9dw8fsfd57fv-gotools-0.16.1"
      },
      "system": "aarch64-darwin",
      "group": "toplevel",
      "priority": 5
    },
    {
      "attr_path": "gotools",
      "broken": false,
      "derivation": "/nix/store/dc576mah5z48lcp5j28dv781k071jj1s-gotools-0.16.1.drv",
      "description": "Additional tools for Go development",
      "install_id": "gotools",
      "license": "BSD-3-Clause",
      "locked_url": "https://github.com/flox/nixpkgs?rev=5f64a12a728902226210bf01d25ec6cbb9d9265b",
      "name": "gotools-0.16.1",
      "pname": "gotools",
      "rev": "5f64a12a728902226210bf01d25ec6cbb9d9265b",
      "rev_count": 562833,
      "rev_date": "2023-12-24T17:17:16Z",
      "scrape_date": "2024-04-25T18:20:51Z",
      "stabilities": [
        "stable",
        "staging",
        "unstable"
      ],
      "unfree": false,
      "version": "0.16.1",
      "outputs_to_install": [
        "out"
      ],
      "outputs": {
        "out": "/nix/store/hax95w8sp4l4714sn2awz9878mwdzrfa-gotools-0.16.1"
      },
      "system": "aarch64-linux",
      "group": "toplevel",
      "priority": 5
    },
    {
      "attr_path": "gotools",
      "broken": false,
      "derivation": "/nix/store/591kd436mximf9mmfi625kasl327yjci-gotools-0.16.1.drv",
      "description": "Additional tools for Go development",
      "install_id": "gotools",
      "license": "BSD-3-Clause",
      "locked_url": "https://github.com/flox/nixpkgs?rev=5f64a12a728902226210bf01d25ec6cbb9d9265b",
      "name": "gotools-0.16.1",
      "pname": "gotools",
      "rev": "5f64a12a728902226210bf01d25ec6cbb9d9265b",
      "rev_count": 562833,
      "rev_date": "2023-12-24T17:17:16Z",
      "scrape_date": "2024-04-25T18:20:51Z",
      "stabilities": [
        "stable",
        "staging",
        "unstable"
      ],
      "unfree": false,
      "version": "0.16.1",
      "outputs_to_install": [
        "out"
      ],
      "outputs": {
        "out": "/nix/store/s388xvv6zdhf5df236jgm28rb3srx1lb-gotools-0.16.1"
      },
      "system": "x86_64-linux",
      "group": "toplevel",
      "priority": 5
    },
    {
      "attr_path": "just",
      "broken": false,
      "derivation": "/nix/store/0rb29laasx3dlwn8a5b3xfnazfsca1ah-just-1.17.0.drv",
      "description": "A handy way to save and run project-specific commands",
      "install_id": "just",
      "license": "CC0-1.0",
      "locked_url": "https://github.com/flox/nixpkgs?rev=5f64a12a728902226210bf01d25ec6cbb9d9265b",
      "name": "just-1.17.0",
      "pname": "just",
      "rev": "5f64a12a728902226210bf01d25ec6cbb9d9265b",
      "rev_count": 562833,
      "rev_date": "2023-12-24T17:17:16Z",
      "scrape_date": "2024-04-25T18:20:51Z",
      "stabilities": [
        "stable",
        "staging",
        "unstable"
      ],
      "unfree": false,
      "version": "1.17.0",
      "outputs_to_install": [
        "out",
        "man"
      ],
      "outputs": {
        "doc": "/nix/store/4ixrflhy1igydj1db00r4s05c3fsad85-just-1.17.0-doc",
        "man": "/nix/store/hrn90i5pipc86kr6578l767fi3q2qgxw-just-1.17.0-man",
        "out": "/nix/store/v3zsg1cgiwb0836gbx44dcmr0zi08ahv-just-1.17.0"
      },
      "system": "aarch64-darwin",
      "group": "toplevel",
      "priority": 5
    },
    {
      "attr_path": "just",
      "broken": false,
      "derivation": "/nix/store/nc62shd35drdi25r2qv2k7lx9dfkmmxm-just-1.17.0.drv",
      "description": "A handy way to save and run project-specific commands",
      "install_id": "just",
      "license": "CC0-1.0",
      "locked_url": "https://github.com/flox/nixpkgs?rev=5f64a12a728902226210bf01d25ec6cbb9d9265b",
      "name": "just-1.17.0",
      "pname": "just",
      "rev": "5f64a12a728902226210bf01d25ec6cbb9d9265b",
      "rev_count": 562833,
      "rev_date": "2023-12-24T17:17:16Z",
      "scrape_date": "2024-04-25T18:20:51Z",
      "stabilities": [
        "stable",
        "staging",
        "unstable"
      ],
      "unfree": false,
      "version": "1.17.0",
      "outputs_to_install": [
        "out",
        "man"
      ],
      "outputs": {
        "doc": "/nix/store/46zfsgv0hyn39xdslpp7mlw8vwgvz609-just-1.17.0-doc",
        "man": "/nix/store/1q755m0ksz3wrw4z07sdnjfammrx351j-just-1.17.0-man",
        "out": "/nix/store/brxk8vyj1ghdkqvkv6wvnbdjvd5ii39i-just-1.17.0"
      },
      "system": "aarch64-linux",
      "group": "toplevel",
      "priority": 5
    },
    {
      "attr_path": "just",
      "broken": false,
      "derivation": "/nix/store/12qjq8fq5z4qjpa18zqvx8pvaxkndn0g-just-1.17.0.drv",
      "description": "A handy way to save and run project-specific commands",
      "install_id": "just",
      "license": "CC0-1.0",
      "locked_url": "https://github.com/flox/nixpkgs?rev=5f64a12a728902226210bf01d25ec6cbb9d9265b",
      "name": "just-1.17.0",
      "pname": "just",
      "rev": "5f64a12a728902226210bf01d25ec6cbb9d9265b",
      "rev_count": 562833,
      "rev_date": "2023-12-24T17:17:16Z",
      "scrape_date": "2024-04-25T18:20:51Z",
      "stabilities": [
        "stable",
        "staging",
        "unstable"
      ],
      "unfree": false,
      "version": "1.17.0",
      "outputs_to_install": [
        "out",
        "man"
      ],
      "outputs": {
        "doc": "/nix/store/ckpc9mp35cr46j8pg77x3ixbywc9pcss-just-1.17.0-doc",
        "man": "/nix/store/g8563p5vjgi46kpbvlc4f6gcnja3wsxy-just-1.17.0-man",
        "out": "/nix/store/0701pg9fn8pln4kd22p8xvk48209vfiw-just-1.17.0"
      },
      "system": "x86_64-linux",
      "group": "toplevel",
      "priority": 5
    },
    {
      "attr_path": "pre-commit",
      "broken": false,
      "derivation": "/nix/store/2d560v7y4r7a930xi95sjax8n8daam5y-pre-commit-3.6.0.drv",
      "description": "A framework for managing and maintaining multi-language pre-commit hooks",
      "install_id": "pre-commit",
      "license": "MIT",
      "locked_url": "https://github.com/flox/nixpkgs?rev=5f64a12a728902226210bf01d25ec6cbb9d9265b",
      "name": "pre-commit-3.6.0",
      "pname": "pre-commit",
      "rev": "5f64a12a728902226210bf01d25ec6cbb9d9265b",
      "rev_count": 562833,
      "rev_date": "2023-12-24T17:17:16Z",
      "scrape_date": "2024-04-25T18:20:51Z",
      "stabilities": [
        "stable",
        "staging",
        "unstable"
      ],
      "unfree": false,
      "version": "3.6.0",
      "outputs_to_install": [
        "out"
      ],
      "outputs": {
        "dist": "/nix/store/b346pd4m2xiw4jzpqz6bh5646bs80ghh-pre-commit-3.6.0-dist",
        "out": "/nix/store/kqcsln2s7pzvfdcvrli83h6g6g53cqy2-pre-commit-3.6.0"
      },
      "system": "aarch64-darwin",
      "group": "toplevel",
      "priority": 5
    },
    {
      "attr_path": "pre-commit",
      "broken": false,
      "derivation": "/nix/store/c0d9qldrvyyypx73gb2sn965hc891bwg-pre-commit-3.6.0.drv",
      "description": "A framework for managing and maintaining multi-language pre-commit hooks",
      "install_id": "pre-commit",
      "license": "MIT",
      "locked_url": "https://github.com/flox/nixpkgs?rev=5f64a12a728902226210bf01d25ec6cbb9d9265b",
      "name": "pre-commit-3.6.0",
      "pname": "pre-commit",
      "rev": "5f64a12a728902226210bf01d25ec6cbb9d9265b",
      "rev_count": 562833,
      "rev_date": "2023-12-24T17:17:16Z",
      "scrape_date": "2024-04-25T18:20:51Z",
      "stabilities": [
        "stable",
        "staging",
        "unstable"
      ],
      "unfree": false,
      "version": "3.6.0",
      "outputs_to_install": [
        "out"
      ],
      "outputs": {
        "dist": "/nix/store/y8avbrimh5xq3clvqjfzamwap6ylb0si-pre-commit-3.6.0-dist",
        "out": "/nix/store/slxrc87y13zmcf6vkacrc0v246d3yk8z-pre-commit-3.6.0"
      },
      "system": "aarch64-linux",
      "group": "toplevel",
      "priority": 5
    },
    {
      "attr_path": "pre-commit",
      "broken": false,
      "derivation": "/nix/store/fzrb8sg3l97d7cv3pm6k89kag5dh032f-pre-commit-3.6.0.drv",
      "description": "A framework for managing and maintaining multi-language pre-commit hooks",
      "install_id": "pre-commit",
      "license": "MIT",
      "locked_url": "https://github.com/flox/nixpkgs?rev=5f64a12a728902226210bf01d25ec6cbb9d9265b",
      "name": "pre-commit-3.6.0",
      "pname": "pre-commit",
      "rev": "5f64a12a728902226210bf01d25ec6cbb9d9265b",
      "rev_count": 562833,
      "rev_date": "2023-12-24T17:17:16Z",
      "scrape_date": "2024-04-25T18:20:51Z",
      "stabilities": [
        "stable",
        "staging",
        "unstable"
      ],
      "unfree": false,
      "version": "3.6.0",
      "outputs_to_install": [
        "out"
      ],
      "outputs": {
        "dist": "/nix/store/nj66d20yy619zi64n7fwr9n2wjgkvhfc-pre-commit-3.6.0-dist",
        "out": "/nix/store/5lnzp86aag0gr0da61sq4x00l1pzm0rl-pre-commit-3.6.0"
      },
      "system": "x86_64-linux",
      "group": "toplevel",
      "priority": 5
    },
    {
      "attr_path": "python310",
      "broken": false,
      "derivation": "/nix/store/chspr50f1vq1ps0bi6rdlvv6d1z6mdxs-python3-3.10.13.drv",
      "description": "A high-level dynamically-typed programming language",
      "install_id": "python310",
      "license": "Python-2.0",
      "locked_url": "https://github.com/flox/nixpkgs?rev=5f64a12a728902226210bf01d25ec6cbb9d9265b",
      "name": "python3-3.10.13",
      "pname": "python310",
      "rev": "5f64a12a728902226210bf01d25ec6cbb9d9265b",
      "rev_count": 562833,
      "rev_date": "2023-12-24T17:17:16Z",
      "scrape_date": "2024-04-25T18:20:51Z",
      "stabilities": [
        "stable",
        "staging",
        "unstable"
      ],
      "unfree": false,
      "version": "python3-3.10.13",
      "outputs_to_install": [
        "out"
      ],
      "outputs": {
        "out": "/nix/store/h7q4cw3c5zhxp2syx3ycvsg99pjadlqv-python3-3.10.13"
      },
      "system": "aarch64-darwin",
      "group": "toplevel",
      "priority": 5
    },
    {
      "attr_path": "python310",
      "broken": false,
      "derivation": "/nix/store/k9drpg5034137j150wm1ccvryi78mj8x-python3-3.10.13.drv",
      "description": "A high-level dynamically-typed programming language",
      "install_id": "python310",
      "license": "Python-2.0",
      "locked_url": "https://github.com/flox/nixpkgs?rev=5f64a12a728902226210bf01d25ec6cbb9d9265b",
      "name": "python3-3.10.13",
      "pname": "python310",
      "rev": "5f64a12a728902226210bf01d25ec6cbb9d9265b",
      "rev_count": 562833,
      "rev_date": "2023-12-24T17:17:16Z",
      "scrape_date": "2024-04-25T18:20:51Z",
      "stabilities": [
        "stable",
        "staging",
        "unstable"
      ],
      "unfree": false,
      "version": "python3-3.10.13",
      "outputs_to_install": [
        "out"
      ],
      "outputs": {
        "debug": "/nix/store/l6d1032757zfrqxaa0ij2xlkbw2dw7ln-python3-3.10.13-debug",
        "out": "/nix/store/rk3qjml1gwnbg3s1qnn1kdwrv2lapb5b-python3-3.10.13"
      },
      "system": "aarch64-linux",
      "group": "toplevel",
      "priority": 5
    },
    {
      "attr_path": "python310",
      "broken": false,
      "derivation": "/nix/store/vcls4bywqpz304sqlrsgkj59plm2zpw7-python3-3.10.13.drv",
      "description": "A high-level dynamically-typed programming language",
      "install_id": "python310",
      "license": "Python-2.0",
      "locked_url": "https://github.com/flox/nixpkgs?rev=5f64a12a728902226210bf01d25ec6cbb9d9265b",
      "name": "python3-3.10.13",
      "pname": "python310",
      "rev": "5f64a12a728902226210bf01d25ec6cbb9d9265b",
      "rev_count": 562833,
      "rev_date": "2023-12-24T17:17:16Z",
      "scrape_date": "2024-04-25T18:20:51Z",
      "stabilities": [
        "stable",
        "staging",
        "unstable"
      ],
      "unfree": false,
      "version": "python3-3.10.13",
      "outputs_to_install": [
        "out"
      ],
      "outputs": {
        "debug": "/nix/store/1b6bm1wnw04sm6jqpkgqvz3jb25mr5gi-python3-3.10.13-debug",
        "out": "/nix/store/l8d6q4y9cvp2d5qf2sxxj072668bfcjr-python3-3.10.13"
      },
      "system": "x86_64-linux",
      "group": "toplevel",
      "priority": 5
    }
  ]
}
