{
  "lockfile-version": 0,
  "manifest": {
    "hook": {},
    "install": {
      "openjdk": {
        "pkg-path": "openjdk"
      },
      "swagger-cli": {
        "pkg-path": "swagger-cli"
      },
      "swagger-codegen": {
        "pkg-path": "swagger-codegen"
      }
    },
    "options": {
      "systems": [
        "aarch64-darwin"
      ]
    },
    "profile": {},
    "registry": {
      "defaults": {
        "subtrees": null
      },
      "inputs": {
        "nixpkgs": {
          "from": {
            "owner": "NixOS",
            "ref": "release-23.11",
            "repo": "nixpkgs",
            "type": "github"
          },
          "subtrees": [
            "legacyPackages"
          ]
        }
      },
      "priority": [
        "nixpkgs"
      ]
    },
    "vars": {}
  },
  "packages": {
    "aarch64-darwin": {
      "openjdk": {
        "attr-path": [
          "legacyPackages",
          "aarch64-darwin",
          "openjdk"
        ],
        "info": {
          "broken": false,
          "description": "Certified builds of OpenJDK",
          "license": "GPL-2.0-only",
          "pname": "zulu-ca-jdk",
          "unfree": false,
          "version": "19.0.2"
        },
        "input": {
          "attrs": {
            "lastModified": 1718308197,
            "narHash": "sha256-61KJ0bnNXxbQ0CbOOKFHbB9BWrqCzVhLGhYRZFfJXv0=",
            "owner": "NixOS",
            "repo": "nixpkgs",
            "rev": "0fc70ac44ab22b4a6bb434dadc5bb34e30bdb327",
            "type": "github"
          },
          "fingerprint": "944bb05628623ef9bba4355116342e9de930c1f3b45cf449444b196a0cb0739d",
          "url": "github:NixOS/nixpkgs/0fc70ac44ab22b4a6bb434dadc5bb34e30bdb327"
        },
        "priority": 5
      },
      "swagger-cli": {
        "attr-path": [
          "legacyPackages",
          "aarch64-darwin",
          "swagger-cli"
        ],
        "info": {
          "broken": false,
          "description": "Swagger 2.0 and OpenAPI 3.0 command-line tool",
          "license": "MIT",
          "pname": "swagger-cli",
          "unfree": false,
          "version": "4.0.4"
        },
        "input": {
          "attrs": {
            "lastModified": 1718308197,
            "narHash": "sha256-61KJ0bnNXxbQ0CbOOKFHbB9BWrqCzVhLGhYRZFfJXv0=",
            "owner": "NixOS",
            "repo": "nixpkgs",
            "rev": "0fc70ac44ab22b4a6bb434dadc5bb34e30bdb327",
            "type": "github"
          },
          "fingerprint": "944bb05628623ef9bba4355116342e9de930c1f3b45cf449444b196a0cb0739d",
          "url": "github:NixOS/nixpkgs/0fc70ac44ab22b4a6bb434dadc5bb34e30bdb327"
        },
        "priority": 5
      },
      "swagger-codegen": {
        "attr-path": [
          "legacyPackages",
          "aarch64-darwin",
          "swagger-codegen"
        ],
        "info": {
          "broken": false,
          "description": "Allows generation of API client libraries (SDK generation), server stubs and documentation automatically given an OpenAPI Spec",
          "license": "Apache-2.0",
          "pname": "swagger-codegen",
          "unfree": false,
          "version": "2.4.34"
        },
        "input": {
          "attrs": {
            "lastModified": 1718308197,
            "narHash": "sha256-61KJ0bnNXxbQ0CbOOKFHbB9BWrqCzVhLGhYRZFfJXv0=",
            "owner": "NixOS",
            "repo": "nixpkgs",
            "rev": "0fc70ac44ab22b4a6bb434dadc5bb34e30bdb327",
            "type": "github"
          },
          "fingerprint": "944bb05628623ef9bba4355116342e9de930c1f3b45cf449444b196a0cb0739d",
          "url": "github:NixOS/nixpkgs/0fc70ac44ab22b4a6bb434dadc5bb34e30bdb327"
        },
        "priority": 5
      }
    }
  },
  "registry": {
    "defaults": {
      "subtrees": null
    },
    "inputs": {
      "nixpkgs": {
        "from": {
          "lastModified": 1718308197,
          "narHash": "sha256-61KJ0bnNXxbQ0CbOOKFHbB9BWrqCzVhLGhYRZFfJXv0=",
          "owner": "NixOS",
          "repo": "nixpkgs",
          "rev": "0fc70ac44ab22b4a6bb434dadc5bb34e30bdb327",
          "type": "github"
        },
        "subtrees": [
          "legacyPackages"
        ]
      }
    },
    "priority": [
      "nixpkgs"
    ]
  }
}
