[[package]]
name = "cachetools"
version = "5.2.0"
description = "Extensible memoizing collections and decorators"
category = "main"
optional = false
python-versions = "~=3.7"

[[package]]
name = "certifi"
version = "2022.12.7"
description = "Python package for providing Mozilla's CA Bundle."
category = "main"
optional = false
python-versions = ">=3.6"

[[package]]
name = "charset-normalizer"
version = "2.1.0"
description = "The Real First Universal Charset Detector. Open, modern and actively maintained alternative to Chardet."
category = "main"
optional = false
python-versions = ">=3.6.0"

[package.extras]
unicode-backport = ["unicodedata2"]

[[package]]
name = "google-api-core"
version = "2.8.2"
description = "Google API client core library"
category = "main"
optional = false
python-versions = ">=3.6"

[package.dependencies]
google-auth = ">=1.25.0,<3.0dev"
googleapis-common-protos = ">=1.56.2,<2.0dev"
protobuf = ">=3.15.0,<5.0.0dev"
requests = ">=2.18.0,<3.0.0dev"

[package.extras]
grpc = ["grpcio (>=1.33.2,<2.0dev)", "grpcio-status (>=1.33.2,<2.0dev)"]

[[package]]
name = "google-auth"
version = "2.10.0"
description = "Google Authentication Library"
category = "main"
optional = false
python-versions = ">=2.7,!=3.0.*,!=3.1.*,!=3.2.*,!=3.3.*,!=3.4.*,!=3.5.*"

[package.dependencies]
cachetools = ">=2.0.0,<6.0"
pyasn1-modules = ">=0.2.1"
rsa = {version = ">=3.1.4,<5", markers = "python_version >= \"3.6\""}
six = ">=1.9.0"

[package.extras]
aiohttp = ["aiohttp (>=3.6.2,<4.0.0dev)", "requests (>=2.20.0,<3.0.0dev)"]
enterprise-cert = ["cryptography (==36.0.2)", "pyopenssl (==22.0.0)"]
pyopenssl = ["pyopenssl (>=20.0.0)"]
reauth = ["pyu2f (>=0.1.5)"]

[[package]]
name = "google-cloud-core"
version = "2.3.2"
description = "Google Cloud API client core library"
category = "main"
optional = false
python-versions = ">=3.7"

[package.dependencies]
google-api-core = ">=1.31.6,<2.0.0 || >2.3.0,<3.0.0dev"
google-auth = ">=1.25.0,<3.0dev"

[package.extras]
grpc = ["grpcio (>=1.38.0,<2.0dev)"]

[[package]]
name = "google-cloud-storage"
version = "2.5.0"
description = "Google Cloud Storage API client library"
category = "main"
optional = false
python-versions = ">=3.7"

[package.dependencies]
google-api-core = ">=1.31.5,<2.0.0 || >2.3.0,<3.0.0dev"
google-auth = ">=1.25.0,<3.0dev"
google-cloud-core = ">=2.3.0,<3.0dev"
google-resumable-media = ">=2.3.2"
requests = ">=2.18.0,<3.0.0dev"

[package.extras]
protobuf = ["protobuf (<5.0.0dev)"]

[[package]]
name = "google-crc32c"
version = "1.3.0"
description = "A python wrapper of the C library 'Google CRC32C'"
category = "main"
optional = false
python-versions = ">=3.6"

[package.extras]
testing = ["pytest"]

[[package]]
name = "google-resumable-media"
version = "2.3.3"
description = "Utilities for Google Media Downloads and Resumable Uploads"
category = "main"
optional = false
python-versions = ">= 3.6"

[package.dependencies]
google-crc32c = ">=1.0,<2.0dev"

[package.extras]
aiohttp = ["aiohttp (>=3.6.2,<4.0.0dev)"]
requests = ["requests (>=2.18.0,<3.0.0dev)"]

[[package]]
name = "googleapis-common-protos"
version = "1.56.4"
description = "Common protobufs used in Google APIs"
category = "main"
optional = false
python-versions = ">=3.7"

[package.dependencies]
protobuf = ">=3.15.0,<5.0.0dev"

[package.extras]
grpc = ["grpcio (>=1.0.0,<2.0.0dev)"]

[[package]]
name = "idna"
version = "3.3"
description = "Internationalized Domain Names in Applications (IDNA)"
category = "main"
optional = false
python-versions = ">=3.5"

[[package]]
name = "protobuf"
version = "4.21.5"
description = ""
category = "main"
optional = false
python-versions = ">=3.7"

[[package]]
name = "pyasn1"
version = "0.4.8"
description = "ASN.1 types and codecs"
category = "main"
optional = false
python-versions = "*"

[[package]]
name = "pyasn1-modules"
version = "0.2.8"
description = "A collection of ASN.1-based protocols modules."
category = "main"
optional = false
python-versions = "*"

[package.dependencies]
pyasn1 = ">=0.4.6,<0.5.0"

[[package]]
name = "python-dotenv"
version = "0.20.0"
description = "Read key-value pairs from a .env file and set them as environment variables"
category = "main"
optional = false
python-versions = ">=3.5"

[package.extras]
cli = ["click (>=5.0)"]

[[package]]
name = "requests"
version = "2.28.1"
description = "Python HTTP for Humans."
category = "main"
optional = false
python-versions = ">=3.7, <4"

[package.dependencies]
certifi = ">=2017.4.17"
charset-normalizer = ">=2,<3"
idna = ">=2.5,<4"
urllib3 = ">=1.21.1,<1.27"

[package.extras]
socks = ["PySocks (>=1.5.6,!=1.5.7)"]
use-chardet-on-py3 = ["chardet (>=3.0.2,<6)"]

[[package]]
name = "rsa"
version = "4.9"
description = "Pure-Python RSA implementation"
category = "main"
optional = false
python-versions = ">=3.6,<4"

[package.dependencies]
pyasn1 = ">=0.1.3"

[[package]]
name = "six"
version = "1.16.0"
description = "Python 2 and 3 compatibility utilities"
category = "main"
optional = false
python-versions = ">=2.7, !=3.0.*, !=3.1.*, !=3.2.*"

[[package]]
name = "urllib3"
version = "1.26.11"
description = "HTTP library with thread-safe connection pooling, file post, and more."
category = "main"
optional = false
python-versions = ">=2.7, !=3.0.*, !=3.1.*, !=3.2.*, !=3.3.*, !=3.4.*, !=3.5.*, <4"

[package.extras]
brotli = ["brotli (>=1.0.9)", "brotlicffi (>=0.8.0)", "brotlipy (>=0.6.0)"]
secure = ["certifi", "cryptography (>=1.3.4)", "idna (>=2.0.0)", "ipaddress", "pyOpenSSL (>=0.14)"]
socks = ["PySocks (>=1.5.6,!=1.5.7,<2.0)"]

[metadata]
lock-version = "1.1"
python-versions = "^3.10"
content-hash = "7b7a68251852bc6623fb08fbe3645ef045cd6dc9c09da017a3328cde7a5a7df3"

[metadata.files]
cachetools = [
    {file = "cachetools-5.2.0-py3-none-any.whl", hash = "sha256:f9f17d2aec496a9aa6b76f53e3b614c965223c061982d434d160f930c698a9db"},
    {file = "cachetools-5.2.0.tar.gz", hash = "sha256:6a94c6402995a99c3970cc7e4884bb60b4a8639938157eeed436098bf9831757"},
]
certifi = [
    {file = "certifi-2022.12.7-py3-none-any.whl", hash = "sha256:4ad3232f5e926d6718ec31cfc1fcadfde020920e278684144551c91769c7bc18"},
    {file = "certifi-2022.12.7.tar.gz", hash = "sha256:35824b4c3a97115964b408844d64aa14db1cc518f6562e8d7261699d1350a9e3"},
]
charset-normalizer = [
    {file = "charset-normalizer-2.1.0.tar.gz", hash = "sha256:575e708016ff3a5e3681541cb9d79312c416835686d054a23accb873b254f413"},
    {file = "charset_normalizer-2.1.0-py3-none-any.whl", hash = "sha256:5189b6f22b01957427f35b6a08d9a0bc45b46d3788ef5a92e978433c7a35f8a5"},
]
google-api-core = [
    {file = "google-api-core-2.8.2.tar.gz", hash = "sha256:06f7244c640322b508b125903bb5701bebabce8832f85aba9335ec00b3d02edc"},
    {file = "google_api_core-2.8.2-py3-none-any.whl", hash = "sha256:93c6a91ccac79079ac6bbf8b74ee75db970cc899278b97d53bc012f35908cf50"},
]
google-auth = [
    {file = "google-auth-2.10.0.tar.gz", hash = "sha256:7904dbd44b745c7323fef29565adee2fe7ff48473e2d94443aced40b0404a395"},
    {file = "google_auth-2.10.0-py2.py3-none-any.whl", hash = "sha256:1deba4a54f95ef67b4139eaf5c20eaa7047215eec9f6a2344599b8596db8863b"},
]
google-cloud-core = [
    {file = "google-cloud-core-2.3.2.tar.gz", hash = "sha256:b9529ee7047fd8d4bf4a2182de619154240df17fbe60ead399078c1ae152af9a"},
    {file = "google_cloud_core-2.3.2-py2.py3-none-any.whl", hash = "sha256:8417acf6466be2fa85123441696c4badda48db314c607cf1e5d543fa8bdc22fe"},
]
google-cloud-storage = [
    {file = "google-cloud-storage-2.5.0.tar.gz", hash = "sha256:382f34b91de2212e3c2e7b40ec079d27ee2e3dbbae99b75b1bcd8c63063ce235"},
    {file = "google_cloud_storage-2.5.0-py2.py3-none-any.whl", hash = "sha256:19a26c66c317ce542cea0830b7e787e8dac2588b6bfa4d3fd3b871ba16305ab0"},
]
google-crc32c = [
    {file = "google-crc32c-1.3.0.tar.gz", hash = "sha256:276de6273eb074a35bc598f8efbc00c7869c5cf2e29c90748fccc8c898c244df"},
    {file = "google_crc32c-1.3.0-cp310-cp310-macosx_10_9_universal2.whl", hash = "sha256:cb6994fff247987c66a8a4e550ef374671c2b82e3c0d2115e689d21e511a652d"},
    {file = "google_crc32c-1.3.0-cp310-cp310-macosx_10_9_x86_64.whl", hash = "sha256:c9da0a39b53d2fab3e5467329ed50e951eb91386e9d0d5b12daf593973c3b168"},
    {file = "google_crc32c-1.3.0-cp310-cp310-manylinux_2_12_i686.manylinux2010_i686.whl", hash = "sha256:eb0b14523758e37802f27b7f8cd973f5f3d33be7613952c0df904b68c4842f0e"},
    {file = "google_crc32c-1.3.0-cp310-cp310-manylinux_2_12_x86_64.manylinux2010_x86_64.whl", hash = "sha256:95c68a4b9b7828ba0428f8f7e3109c5d476ca44996ed9a5f8aac6269296e2d59"},
    {file = "google_crc32c-1.3.0-cp310-cp310-manylinux_2_17_aarch64.manylinux2014_aarch64.whl", hash = "sha256:9c3cf890c3c0ecfe1510a452a165431b5831e24160c5fcf2071f0f85ca5a47cd"},
    {file = "google_crc32c-1.3.0-cp310-cp310-win32.whl", hash = "sha256:3bbce1be3687bbfebe29abdb7631b83e6b25da3f4e1856a1611eb21854b689ea"},
    {file = "google_crc32c-1.3.0-cp310-cp310-win_amd64.whl", hash = "sha256:c124b8c8779bf2d35d9b721e52d4adb41c9bfbde45e6a3f25f0820caa9aba73f"},
    {file = "google_crc32c-1.3.0-cp36-cp36m-macosx_10_9_x86_64.whl", hash = "sha256:42ae4781333e331a1743445931b08ebdad73e188fd554259e772556fc4937c48"},
    {file = "google_crc32c-1.3.0-cp36-cp36m-manylinux_2_12_i686.manylinux2010_i686.whl", hash = "sha256:ff71073ebf0e42258a42a0b34f2c09ec384977e7f6808999102eedd5b49920e3"},
    {file = "google_crc32c-1.3.0-cp36-cp36m-manylinux_2_12_x86_64.manylinux2010_x86_64.whl", hash = "sha256:fe31de3002e7b08eb20823b3735b97c86c5926dd0581c7710a680b418a8709d4"},
    {file = "google_crc32c-1.3.0-cp36-cp36m-manylinux_2_17_aarch64.manylinux2014_aarch64.whl", hash = "sha256:dd7760a88a8d3d705ff562aa93f8445ead54f58fd482e4f9e2bafb7e177375d4"},
    {file = "google_crc32c-1.3.0-cp36-cp36m-manylinux_2_5_x86_64.manylinux1_x86_64.whl", hash = "sha256:a0b9e622c3b2b8d0ce32f77eba617ab0d6768b82836391e4f8f9e2074582bf02"},
    {file = "google_crc32c-1.3.0-cp36-cp36m-win32.whl", hash = "sha256:779cbf1ce375b96111db98fca913c1f5ec11b1d870e529b1dc7354b2681a8c3a"},
    {file = "google_crc32c-1.3.0-cp36-cp36m-win_amd64.whl", hash = "sha256:04e7c220798a72fd0f08242bc8d7a05986b2a08a0573396187fd32c1dcdd58b3"},
    {file = "google_crc32c-1.3.0-cp37-cp37m-macosx_10_9_x86_64.whl", hash = "sha256:e7a539b9be7b9c00f11ef16b55486141bc2cdb0c54762f84e3c6fc091917436d"},
    {file = "google_crc32c-1.3.0-cp37-cp37m-manylinux_2_12_i686.manylinux2010_i686.whl", hash = "sha256:ca60076c388728d3b6ac3846842474f4250c91efbfe5afa872d3ffd69dd4b318"},
    {file = "google_crc32c-1.3.0-cp37-cp37m-manylinux_2_12_x86_64.manylinux2010_x86_64.whl", hash = "sha256:05340b60bf05b574159e9bd940152a47d38af3fb43803ffe71f11d704b7696a6"},
    {file = "google_crc32c-1.3.0-cp37-cp37m-manylinux_2_17_aarch64.manylinux2014_aarch64.whl", hash = "sha256:318f73f5484b5671f0c7f5f63741ab020a599504ed81d209b5c7129ee4667407"},
    {file = "google_crc32c-1.3.0-cp37-cp37m-manylinux_2_5_x86_64.manylinux1_x86_64.whl", hash = "sha256:9f58099ad7affc0754ae42e6d87443299f15d739b0ce03c76f515153a5cda06c"},
    {file = "google_crc32c-1.3.0-cp37-cp37m-win32.whl", hash = "sha256:f52a4ad2568314ee713715b1e2d79ab55fab11e8b304fd1462ff5cccf4264b3e"},
    {file = "google_crc32c-1.3.0-cp37-cp37m-win_amd64.whl", hash = "sha256:bab4aebd525218bab4ee615786c4581952eadc16b1ff031813a2fd51f0cc7b08"},
    {file = "google_crc32c-1.3.0-cp38-cp38-macosx_10_9_universal2.whl", hash = "sha256:dda4d8a3bb0b50f540f6ff4b6033f3a74e8bf0bd5320b70fab2c03e512a62812"},
    {file = "google_crc32c-1.3.0-cp38-cp38-macosx_10_9_x86_64.whl", hash = "sha256:fec221a051150eeddfdfcff162e6db92c65ecf46cb0f7bb1bf812a1520ec026b"},
    {file = "google_crc32c-1.3.0-cp38-cp38-manylinux_2_12_i686.manylinux2010_i686.whl", hash = "sha256:226f2f9b8e128a6ca6a9af9b9e8384f7b53a801907425c9a292553a3a7218ce0"},
    {file = "google_crc32c-1.3.0-cp38-cp38-manylinux_2_12_x86_64.manylinux2010_x86_64.whl", hash = "sha256:a7f9cbea4245ee36190f85fe1814e2d7b1e5f2186381b082f5d59f99b7f11328"},
    {file = "google_crc32c-1.3.0-cp38-cp38-manylinux_2_17_aarch64.manylinux2014_aarch64.whl", hash = "sha256:6a4db36f9721fdf391646685ecffa404eb986cbe007a3289499020daf72e88a2"},
    {file = "google_crc32c-1.3.0-cp38-cp38-manylinux_2_5_x86_64.manylinux1_x86_64.whl", hash = "sha256:12674a4c3b56b706153a358eaa1018c4137a5a04635b92b4652440d3d7386206"},
    {file = "google_crc32c-1.3.0-cp38-cp38-win32.whl", hash = "sha256:650e2917660e696041ab3dcd7abac160b4121cd9a484c08406f24c5964099829"},
    {file = "google_crc32c-1.3.0-cp38-cp38-win_amd64.whl", hash = "sha256:58be56ae0529c664cc04a9c76e68bb92b091e0194d6e3c50bea7e0f266f73713"},
    {file = "google_crc32c-1.3.0-cp39-cp39-macosx_10_9_universal2.whl", hash = "sha256:96a8918a78d5d64e07c8ea4ed2bc44354e3f93f46a4866a40e8db934e4c0d74b"},
    {file = "google_crc32c-1.3.0-cp39-cp39-macosx_10_9_x86_64.whl", hash = "sha256:13af315c3a0eec8bb8b8d80b8b128cb3fcd17d7e4edafc39647846345a3f003a"},
    {file = "google_crc32c-1.3.0-cp39-cp39-manylinux_2_12_i686.manylinux2010_i686.whl", hash = "sha256:6311853aa2bba4064d0c28ca54e7b50c4d48e3de04f6770f6c60ebda1e975267"},
    {file = "google_crc32c-1.3.0-cp39-cp39-manylinux_2_12_x86_64.manylinux2010_x86_64.whl", hash = "sha256:ed447680ff21c14aaceb6a9f99a5f639f583ccfe4ce1a5e1d48eb41c3d6b3217"},
    {file = "google_crc32c-1.3.0-cp39-cp39-manylinux_2_17_aarch64.manylinux2014_aarch64.whl", hash = "sha256:d1c1d6236feab51200272d79b3d3e0f12cf2cbb12b208c835b175a21efdb0a73"},
    {file = "google_crc32c-1.3.0-cp39-cp39-manylinux_2_5_x86_64.manylinux1_x86_64.whl", hash = "sha256:e0f1ff55dde0ebcfbef027edc21f71c205845585fffe30d4ec4979416613e9b3"},
    {file = "google_crc32c-1.3.0-cp39-cp39-win32.whl", hash = "sha256:fbd60c6aaa07c31d7754edbc2334aef50601b7f1ada67a96eb1eb57c7c72378f"},
    {file = "google_crc32c-1.3.0-cp39-cp39-win_amd64.whl", hash = "sha256:127f9cc3ac41b6a859bd9dc4321097b1a4f6aa7fdf71b4f9227b9e3ebffb4422"},
    {file = "google_crc32c-1.3.0-pp37-pypy37_pp73-macosx_10_9_x86_64.whl", hash = "sha256:fc28e0db232c62ca0c3600884933178f0825c99be4474cdd645e378a10588125"},
    {file = "google_crc32c-1.3.0-pp37-pypy37_pp73-manylinux_2_12_i686.manylinux2010_i686.whl", hash = "sha256:1926fd8de0acb9d15ee757175ce7242e235482a783cd4ec711cc999fc103c24e"},
    {file = "google_crc32c-1.3.0-pp37-pypy37_pp73-manylinux_2_12_x86_64.manylinux2010_x86_64.whl", hash = "sha256:5da2c81575cc3ccf05d9830f9e8d3c70954819ca9a63828210498c0774fda1a3"},
    {file = "google_crc32c-1.3.0-pp37-pypy37_pp73-manylinux_2_17_aarch64.manylinux2014_aarch64.whl", hash = "sha256:891f712ce54e0d631370e1f4997b3f182f3368179198efc30d477c75d1f44942"},
    {file = "google_crc32c-1.3.0-pp37-pypy37_pp73-win_amd64.whl", hash = "sha256:7f6fe42536d9dcd3e2ffb9d3053f5d05221ae3bbcefbe472bdf2c71c793e3183"},
]
google-resumable-media = [
    {file = "google-resumable-media-2.3.3.tar.gz", hash = "sha256:27c52620bd364d1c8116eaac4ea2afcbfb81ae9139fb3199652fcac1724bfb6c"},
    {file = "google_resumable_media-2.3.3-py2.py3-none-any.whl", hash = "sha256:5b52774ea7a829a8cdaa8bd2d4c3d4bc660c91b30857ab2668d0eb830f4ea8c5"},
]
googleapis-common-protos = [
    {file = "googleapis-common-protos-1.56.4.tar.gz", hash = "sha256:c25873c47279387cfdcbdafa36149887901d36202cb645a0e4f29686bf6e4417"},
    {file = "googleapis_common_protos-1.56.4-py2.py3-none-any.whl", hash = "sha256:8eb2cbc91b69feaf23e32452a7ae60e791e09967d81d4fcc7fc388182d1bd394"},
]
idna = [
    {file = "idna-3.3-py3-none-any.whl", hash = "sha256:84d9dd047ffa80596e0f246e2eab0b391788b0503584e8945f2368256d2735ff"},
    {file = "idna-3.3.tar.gz", hash = "sha256:9d643ff0a55b762d5cdb124b8eaa99c66322e2157b69160bc32796e824360e6d"},
]
protobuf = [
    {file = "protobuf-4.21.5-cp310-abi3-win32.whl", hash = "sha256:5310cbe761e87f0c1decce019d23f2101521d4dfff46034f8a12a53546036ec7"},
    {file = "protobuf-4.21.5-cp310-abi3-win_amd64.whl", hash = "sha256:e5c5a2886ae48d22a9d32fbb9b6636a089af3cd26b706750258ce1ca96cc0116"},
    {file = "protobuf-4.21.5-cp37-abi3-macosx_10_9_universal2.whl", hash = "sha256:ee04f5823ed98bb9a8c3b1dc503c49515e0172650875c3f76e225b223793a1f2"},
    {file = "protobuf-4.21.5-cp37-abi3-manylinux2014_aarch64.whl", hash = "sha256:b04484d6f42f48c57dd2737a72692f4c6987529cdd148fb5b8e5f616862a2e37"},
    {file = "protobuf-4.21.5-cp37-abi3-manylinux2014_x86_64.whl", hash = "sha256:5e0b272217aad8971763960238c1a1e6a65d50ef7824e23300da97569a251c55"},
    {file = "protobuf-4.21.5-cp37-cp37m-win32.whl", hash = "sha256:5eb0724615e90075f1d763983e708e1cef08e66b1891d8b8b6c33bc3b2f1a02b"},
    {file = "protobuf-4.21.5-cp37-cp37m-win_amd64.whl", hash = "sha256:011c0f267e85f5d73750b6c25f0155d5db1e9443cd3590ab669a6221dd8fcdb0"},
    {file = "protobuf-4.21.5-cp38-cp38-win32.whl", hash = "sha256:7b6f22463e2d1053d03058b7b4ceca6e4ed4c14f8c286c32824df751137bf8e7"},
    {file = "protobuf-4.21.5-cp38-cp38-win_amd64.whl", hash = "sha256:b52e7a522911a40445a5f588bd5b5e584291bfc5545e09b7060685e4b2ff814f"},
    {file = "protobuf-4.21.5-cp39-cp39-win32.whl", hash = "sha256:a7faa62b183d6a928e3daffd06af843b4287d16ef6e40f331575ecd236a7974d"},
    {file = "protobuf-4.21.5-cp39-cp39-win_amd64.whl", hash = "sha256:5e0ce02418ef03d7657a420ae8fd6fec4995ac713a3cb09164e95f694dbcf085"},
    {file = "protobuf-4.21.5-py2.py3-none-any.whl", hash = "sha256:bf711b451212dc5b0fa45ae7dada07d8e71a4b0ff0bc8e4783ee145f47ac4f82"},
    {file = "protobuf-4.21.5-py3-none-any.whl", hash = "sha256:3ec6f5b37935406bb9df9b277e79f8ed81d697146e07ef2ba8a5a272fb24b2c9"},
    {file = "protobuf-4.21.5.tar.gz", hash = "sha256:eb1106e87e095628e96884a877a51cdb90087106ee693925ec0a300468a9be3a"},
]
pyasn1 = [
    {file = "pyasn1-0.4.8-py2.py3-none-any.whl", hash = "sha256:39c7e2ec30515947ff4e87fb6f456dfc6e84857d34be479c9d4a4ba4bf46aa5d"},
    {file = "pyasn1-0.4.8.tar.gz", hash = "sha256:aef77c9fb94a3ac588e87841208bdec464471d9871bd5050a287cc9a475cd0ba"},
]
pyasn1-modules = [
    {file = "pyasn1-modules-0.2.8.tar.gz", hash = "sha256:905f84c712230b2c592c19470d3ca8d552de726050d1d1716282a1f6146be65e"},
    {file = "pyasn1_modules-0.2.8-py2.py3-none-any.whl", hash = "sha256:a50b808ffeb97cb3601dd25981f6b016cbb3d31fbf57a8b8a87428e6158d0c74"},
]
python-dotenv = [
    {file = "python-dotenv-0.20.0.tar.gz", hash = "sha256:b7e3b04a59693c42c36f9ab1cc2acc46fa5df8c78e178fc33a8d4cd05c8d498f"},
    {file = "python_dotenv-0.20.0-py3-none-any.whl", hash = "sha256:d92a187be61fe482e4fd675b6d52200e7be63a12b724abbf931a40ce4fa92938"},
]
requests = [
    {file = "requests-2.28.1-py3-none-any.whl", hash = "sha256:8fefa2a1a1365bf5520aac41836fbee479da67864514bdb821f31ce07ce65349"},
    {file = "requests-2.28.1.tar.gz", hash = "sha256:7c5599b102feddaa661c826c56ab4fee28bfd17f5abca1ebbe3e7f19d7c97983"},
]
rsa = [
    {file = "rsa-4.9-py3-none-any.whl", hash = "sha256:90260d9058e514786967344d0ef75fa8727eed8a7d2e43ce9f4bcf1b536174f7"},
    {file = "rsa-4.9.tar.gz", hash = "sha256:e38464a49c6c85d7f1351b0126661487a7e0a14a50f1675ec50eb34d4f20ef21"},
]
six = [
    {file = "six-1.16.0-py2.py3-none-any.whl", hash = "sha256:8abb2f1d86890a2dfb989f9a77cfcfd3e47c2a354b01111771326f8aa26e0254"},
    {file = "six-1.16.0.tar.gz", hash = "sha256:1e61c37477a1626458e36f7b1d82aa5c9b094fa4802892072e49de9c60c4c926"},
]
urllib3 = [
    {file = "urllib3-1.26.11-py2.py3-none-any.whl", hash = "sha256:c33ccba33c819596124764c23a97d25f32b28433ba0dedeb77d873a38722c9bc"},
    {file = "urllib3-1.26.11.tar.gz", hash = "sha256:ea6e8fb210b19d950fab93b60c9009226c63a28808bc8386e05301e25883ac0a"},
]
